{
  "version": 4,
  "terraform_version": "0.13.2",
  "serial": 5,
  "lineage": "ac5d1f51-7e21-4322-0841-7b40a1b5f723",
  "outputs": {
    "region_url": {
      "value": "phyoopslab.s3.amazonaws.com",
      "type": "string"
    },
    "s3_bucket_url": {
      "value": "phyoopslab.s3.amazonaws.com",
      "type": "string"
    }
  },
  "resources": [
    {
      "mode": "managed",
      "type": "aws_s3_bucket",
      "name": "my_bucket",
      "provider": "provider[\"registry.terraform.io/hashicorp/aws\"]",
      "instances": [
        {
          "schema_version": 0,
          "attributes": {
            "acceleration_status": "",
            "acl": "private",
            "arn": "arn:aws:s3:::phyoopslab",
            "bucket": "phyoopslab",
            "bucket_domain_name": "phyoopslab.s3.amazonaws.com",
            "bucket_prefix": null,
            "bucket_regional_domain_name": "phyoopslab.s3.amazonaws.com",
            "cors_rule": [],
            "force_destroy": false,
            "grant": [],
            "hosted_zone_id": "Z3AQBSTGFYJSTF",
            "id": "phyoopslab",
            "lifecycle_rule": [],
            "logging": [],
            "object_lock_configuration": [],
            "policy": null,
            "region": "us-east-1",
            "replication_configuration": [],
            "request_payer": "BucketOwner",
            "server_side_encryption_configuration": [],
            "tags": {
              "Environment": "development",
              "Name": "hello_bucket"
            },
            "versioning": [
              {
                "enabled": false,
                "mfa_delete": false
              }
            ],
            "website": [],
            "website_domain": null,
            "website_endpoint": null
          },
          "private": "bnVsbA=="
        }
      ]
    }
  ]
}
